
Microsoft Visual Studio Solution File, Format Version 12.00
# Visual Studio 2012
Project("{FAE04EC0-301F-11D3-BF4B-00C04F79EFBC}") = "CameraMovement_XNA", "CameraMovement_XNA\CameraMovement_XNA\CameraMovement_XNA.csproj", "{72D5D419-ADDD-45DE-836E-F9C141D0EC83}"
EndProject
Project("{96E2B04D-8817-42C6-938A-82C39BA4D311}") = "CameraMovement_XNAContent", "CameraMovement_XNA\CameraMovement_XNAContent\CameraMovement_XNAContent.contentproj", "{5C05AF76-BC72-49C3-A6EE-D8A57AEF57C7}"
EndProject
Global
	GlobalSection(SolutionConfigurationPlatforms) = preSolution
		Debug|Windows Phone = Debug|Windows Phone
		Release|Windows Phone = Release|Windows Phone
	EndGlobalSection
	GlobalSection(ProjectConfigurationPlatforms) = postSolution
		{72D5D419-ADDD-45DE-836E-F9C141D0EC83}.Debug|Windows Phone.ActiveCfg = Debug|Windows Phone
		{72D5D419-ADDD-45DE-836E-F9C141D0EC83}.Debug|Windows Phone.Build.0 = Debug|Windows Phone
		{72D5D419-ADDD-45DE-836E-F9C141D0EC83}.Debug|Windows Phone.Deploy.0 = Debug|Windows Phone
		{72D5D419-ADDD-45DE-836E-F9C141D0EC83}.Release|Windows Phone.ActiveCfg = Release|Windows Phone
		{72D5D419-ADDD-45DE-836E-F9C141D0EC83}.Release|Windows Phone.Build.0 = Release|Windows Phone
		{72D5D419-ADDD-45DE-836E-F9C141D0EC83}.Release|Windows Phone.Deploy.0 = Release|Windows Phone
		{5C05AF76-BC72-49C3-A6EE-D8A57AEF57C7}.Debug|Windows Phone.ActiveCfg = Debug|Windows Phone
		{5C05AF76-BC72-49C3-A6EE-D8A57AEF57C7}.Release|Windows Phone.ActiveCfg = Release|Windows Phone
	EndGlobalSection
	GlobalSection(SolutionProperties) = preSolution
		HideSolutionNode = FALSE
	EndGlobalSection
EndGlobal
