
Microsoft Visual Studio Solution File, Format Version 12.00
# Visual Studio 2012
Project("{FAE04EC0-301F-11D3-BF4B-00C04F79EFBC}") = "ImportingGeometry_XNA", "ImportingGeometry_XNA\ImportingGeometry_XNA\ImportingGeometry_XNA.csproj", "{D5DFF63E-0D3C-4AD9-9D75-8114E85311A4}"
EndProject
Project("{96E2B04D-8817-42C6-938A-82C39BA4D311}") = "ImportingGeometry_XNAContent", "ImportingGeometry_XNA\ImportingGeometry_XNAContent\ImportingGeometry_XNAContent.contentproj", "{0420692F-20E6-40BD-947E-AF0E5137B78E}"
EndProject
Global
	GlobalSection(SolutionConfigurationPlatforms) = preSolution
		Debug|Windows Phone = Debug|Windows Phone
		Release|Windows Phone = Release|Windows Phone
	EndGlobalSection
	GlobalSection(ProjectConfigurationPlatforms) = postSolution
		{D5DFF63E-0D3C-4AD9-9D75-8114E85311A4}.Debug|Windows Phone.ActiveCfg = Debug|Windows Phone
		{D5DFF63E-0D3C-4AD9-9D75-8114E85311A4}.Debug|Windows Phone.Build.0 = Debug|Windows Phone
		{D5DFF63E-0D3C-4AD9-9D75-8114E85311A4}.Debug|Windows Phone.Deploy.0 = Debug|Windows Phone
		{D5DFF63E-0D3C-4AD9-9D75-8114E85311A4}.Release|Windows Phone.ActiveCfg = Release|Windows Phone
		{D5DFF63E-0D3C-4AD9-9D75-8114E85311A4}.Release|Windows Phone.Build.0 = Release|Windows Phone
		{D5DFF63E-0D3C-4AD9-9D75-8114E85311A4}.Release|Windows Phone.Deploy.0 = Release|Windows Phone
		{0420692F-20E6-40BD-947E-AF0E5137B78E}.Debug|Windows Phone.ActiveCfg = Debug|Windows Phone
		{0420692F-20E6-40BD-947E-AF0E5137B78E}.Release|Windows Phone.ActiveCfg = Release|Windows Phone
	EndGlobalSection
	GlobalSection(SolutionProperties) = preSolution
		HideSolutionNode = FALSE
	EndGlobalSection
EndGlobal
