
Microsoft Visual Studio Solution File, Format Version 12.00
# Visual Studio 2012
Project("{FAE04EC0-301F-11D3-BF4B-00C04F79EFBC}") = "Balloons_XNA", "Balloons_XNA\Balloons_XNA\Balloons_XNA.csproj", "{5AB49655-4A6E-4A92-9A66-6BDE73426E68}"
EndProject
Project("{96E2B04D-8817-42C6-938A-82C39BA4D311}") = "Balloons_XNAContent", "Balloons_XNA\Balloons_XNAContent\Balloons_XNAContent.contentproj", "{B1ADE651-6EC7-4747-A507-265959AA4C4E}"
EndProject
Global
	GlobalSection(SolutionConfigurationPlatforms) = preSolution
		Debug|Windows Phone = Debug|Windows Phone
		Release|Windows Phone = Release|Windows Phone
	EndGlobalSection
	GlobalSection(ProjectConfigurationPlatforms) = postSolution
		{5AB49655-4A6E-4A92-9A66-6BDE73426E68}.Debug|Windows Phone.ActiveCfg = Debug|Windows Phone
		{5AB49655-4A6E-4A92-9A66-6BDE73426E68}.Debug|Windows Phone.Build.0 = Debug|Windows Phone
		{5AB49655-4A6E-4A92-9A66-6BDE73426E68}.Debug|Windows Phone.Deploy.0 = Debug|Windows Phone
		{5AB49655-4A6E-4A92-9A66-6BDE73426E68}.Release|Windows Phone.ActiveCfg = Release|Windows Phone
		{5AB49655-4A6E-4A92-9A66-6BDE73426E68}.Release|Windows Phone.Build.0 = Release|Windows Phone
		{5AB49655-4A6E-4A92-9A66-6BDE73426E68}.Release|Windows Phone.Deploy.0 = Release|Windows Phone
		{B1ADE651-6EC7-4747-A507-265959AA4C4E}.Debug|Windows Phone.ActiveCfg = Debug|Windows Phone
		{B1ADE651-6EC7-4747-A507-265959AA4C4E}.Release|Windows Phone.ActiveCfg = Release|Windows Phone
	EndGlobalSection
	GlobalSection(SolutionProperties) = preSolution
		HideSolutionNode = FALSE
	EndGlobalSection
EndGlobal
