
Microsoft Visual Studio Solution File, Format Version 12.00
# Visual Studio 2012
Project("{FAE04EC0-301F-11D3-BF4B-00C04F79EFBC}") = "DualTexture_XNA", "DualTexture_XNA\DualTexture_XNA\DualTexture_XNA.csproj", "{02F0C507-73FC-46B2-90DA-E5AD49C4BC6A}"
EndProject
Project("{96E2B04D-8817-42C6-938A-82C39BA4D311}") = "DualTexture_XNAContent", "DualTexture_XNA\DualTexture_XNAContent\DualTexture_XNAContent.contentproj", "{BBC937AB-8C21-4D7F-8954-C290E0FEB5A3}"
EndProject
Global
	GlobalSection(SolutionConfigurationPlatforms) = preSolution
		Debug|Windows Phone = Debug|Windows Phone
		Release|Windows Phone = Release|Windows Phone
	EndGlobalSection
	GlobalSection(ProjectConfigurationPlatforms) = postSolution
		{02F0C507-73FC-46B2-90DA-E5AD49C4BC6A}.Debug|Windows Phone.ActiveCfg = Debug|Windows Phone
		{02F0C507-73FC-46B2-90DA-E5AD49C4BC6A}.Debug|Windows Phone.Build.0 = Debug|Windows Phone
		{02F0C507-73FC-46B2-90DA-E5AD49C4BC6A}.Debug|Windows Phone.Deploy.0 = Debug|Windows Phone
		{02F0C507-73FC-46B2-90DA-E5AD49C4BC6A}.Release|Windows Phone.ActiveCfg = Release|Windows Phone
		{02F0C507-73FC-46B2-90DA-E5AD49C4BC6A}.Release|Windows Phone.Build.0 = Release|Windows Phone
		{02F0C507-73FC-46B2-90DA-E5AD49C4BC6A}.Release|Windows Phone.Deploy.0 = Release|Windows Phone
		{BBC937AB-8C21-4D7F-8954-C290E0FEB5A3}.Debug|Windows Phone.ActiveCfg = Debug|Windows Phone
		{BBC937AB-8C21-4D7F-8954-C290E0FEB5A3}.Release|Windows Phone.ActiveCfg = Release|Windows Phone
	EndGlobalSection
	GlobalSection(SolutionProperties) = preSolution
		HideSolutionNode = FALSE
	EndGlobalSection
EndGlobal
