
Microsoft Visual Studio Solution File, Format Version 12.00
# Visual Studio 2012
Project("{FAE04EC0-301F-11D3-BF4B-00C04F79EFBC}") = "Settings_XNA", "Settings_XNA\Settings_XNA\Settings_XNA.csproj", "{BAF3F93B-F65C-41F3-B8E2-8BF5F79E95BA}"
EndProject
Project("{96E2B04D-8817-42C6-938A-82C39BA4D311}") = "Settings_XNAContent", "Settings_XNA\Settings_XNAContent\Settings_XNAContent.contentproj", "{7EE9DE1D-0D9D-4518-8FC9-357DBE3CE604}"
EndProject
Global
	GlobalSection(SolutionConfigurationPlatforms) = preSolution
		Debug|Windows Phone = Debug|Windows Phone
		Release|Windows Phone = Release|Windows Phone
	EndGlobalSection
	GlobalSection(ProjectConfigurationPlatforms) = postSolution
		{BAF3F93B-F65C-41F3-B8E2-8BF5F79E95BA}.Debug|Windows Phone.ActiveCfg = Debug|Windows Phone
		{BAF3F93B-F65C-41F3-B8E2-8BF5F79E95BA}.Debug|Windows Phone.Build.0 = Debug|Windows Phone
		{BAF3F93B-F65C-41F3-B8E2-8BF5F79E95BA}.Debug|Windows Phone.Deploy.0 = Debug|Windows Phone
		{BAF3F93B-F65C-41F3-B8E2-8BF5F79E95BA}.Release|Windows Phone.ActiveCfg = Release|Windows Phone
		{BAF3F93B-F65C-41F3-B8E2-8BF5F79E95BA}.Release|Windows Phone.Build.0 = Release|Windows Phone
		{BAF3F93B-F65C-41F3-B8E2-8BF5F79E95BA}.Release|Windows Phone.Deploy.0 = Release|Windows Phone
		{7EE9DE1D-0D9D-4518-8FC9-357DBE3CE604}.Debug|Windows Phone.ActiveCfg = Debug|Windows Phone
		{7EE9DE1D-0D9D-4518-8FC9-357DBE3CE604}.Release|Windows Phone.ActiveCfg = Release|Windows Phone
	EndGlobalSection
	GlobalSection(SolutionProperties) = preSolution
		HideSolutionNode = FALSE
	EndGlobalSection
EndGlobal
