
Microsoft Visual Studio Solution File, Format Version 12.00
# Visual Studio 2012
Project("{FAE04EC0-301F-11D3-BF4B-00C04F79EFBC}") = "SkyBox_XNA", "SkyBox_XNA\SkyBox_XNA\SkyBox_XNA.csproj", "{9387F9FF-3364-4D42-BE87-D26161EE3209}"
EndProject
Project("{96E2B04D-8817-42C6-938A-82C39BA4D311}") = "SkyBox_XNAContent", "SkyBox_XNA\SkyBox_XNAContent\SkyBox_XNAContent.contentproj", "{8CAB394E-B9E2-417A-AC49-FD2AAD9025D5}"
EndProject
Global
	GlobalSection(SolutionConfigurationPlatforms) = preSolution
		Debug|Windows Phone = Debug|Windows Phone
		Release|Windows Phone = Release|Windows Phone
	EndGlobalSection
	GlobalSection(ProjectConfigurationPlatforms) = postSolution
		{9387F9FF-3364-4D42-BE87-D26161EE3209}.Debug|Windows Phone.ActiveCfg = Debug|Windows Phone
		{9387F9FF-3364-4D42-BE87-D26161EE3209}.Debug|Windows Phone.Build.0 = Debug|Windows Phone
		{9387F9FF-3364-4D42-BE87-D26161EE3209}.Debug|Windows Phone.Deploy.0 = Debug|Windows Phone
		{9387F9FF-3364-4D42-BE87-D26161EE3209}.Release|Windows Phone.ActiveCfg = Release|Windows Phone
		{9387F9FF-3364-4D42-BE87-D26161EE3209}.Release|Windows Phone.Build.0 = Release|Windows Phone
		{9387F9FF-3364-4D42-BE87-D26161EE3209}.Release|Windows Phone.Deploy.0 = Release|Windows Phone
		{8CAB394E-B9E2-417A-AC49-FD2AAD9025D5}.Debug|Windows Phone.ActiveCfg = Debug|Windows Phone
		{8CAB394E-B9E2-417A-AC49-FD2AAD9025D5}.Release|Windows Phone.ActiveCfg = Release|Windows Phone
	EndGlobalSection
	GlobalSection(SolutionProperties) = preSolution
		HideSolutionNode = FALSE
	EndGlobalSection
EndGlobal
