
Microsoft Visual Studio Solution File, Format Version 12.00
# Visual Studio 2012
Project("{FAE04EC0-301F-11D3-BF4B-00C04F79EFBC}") = "GesturesDemo_XNA", "GesturesDemo_XNA\GesturesDemo_XNA\GesturesDemo_XNA.csproj", "{AF5F90FF-0026-470E-A078-5AA3F6AD6E40}"
EndProject
Project("{96E2B04D-8817-42C6-938A-82C39BA4D311}") = "GesturesDemo_XNAContent", "GesturesDemo_XNA\GesturesDemo_XNAContent\GesturesDemo_XNAContent.contentproj", "{B813187B-41AD-4370-91EF-455F9AD956AA}"
EndProject
Global
	GlobalSection(SolutionConfigurationPlatforms) = preSolution
		Debug|Windows Phone = Debug|Windows Phone
		Release|Windows Phone = Release|Windows Phone
	EndGlobalSection
	GlobalSection(ProjectConfigurationPlatforms) = postSolution
		{AF5F90FF-0026-470E-A078-5AA3F6AD6E40}.Debug|Windows Phone.ActiveCfg = Debug|Windows Phone
		{AF5F90FF-0026-470E-A078-5AA3F6AD6E40}.Debug|Windows Phone.Build.0 = Debug|Windows Phone
		{AF5F90FF-0026-470E-A078-5AA3F6AD6E40}.Debug|Windows Phone.Deploy.0 = Debug|Windows Phone
		{AF5F90FF-0026-470E-A078-5AA3F6AD6E40}.Release|Windows Phone.ActiveCfg = Release|Windows Phone
		{AF5F90FF-0026-470E-A078-5AA3F6AD6E40}.Release|Windows Phone.Build.0 = Release|Windows Phone
		{AF5F90FF-0026-470E-A078-5AA3F6AD6E40}.Release|Windows Phone.Deploy.0 = Release|Windows Phone
		{B813187B-41AD-4370-91EF-455F9AD956AA}.Debug|Windows Phone.ActiveCfg = Debug|Windows Phone
		{B813187B-41AD-4370-91EF-455F9AD956AA}.Release|Windows Phone.ActiveCfg = Release|Windows Phone
	EndGlobalSection
	GlobalSection(SolutionProperties) = preSolution
		HideSolutionNode = FALSE
	EndGlobalSection
EndGlobal
