
Microsoft Visual Studio Solution File, Format Version 12.00
# Visual Studio 2012
Project("{FAE04EC0-301F-11D3-BF4B-00C04F79EFBC}") = "Transparency_XNA", "Transparency_XNA\Transparency_XNA\Transparency_XNA.csproj", "{E0891A11-DAD7-4E39-9C0D-B970B9201502}"
EndProject
Project("{96E2B04D-8817-42C6-938A-82C39BA4D311}") = "Transparency_XNAContent", "Transparency_XNA\Transparency_XNAContent\Transparency_XNAContent.contentproj", "{1321BA32-8A92-4AD8-B269-7EE5E80A161B}"
EndProject
Global
	GlobalSection(SolutionConfigurationPlatforms) = preSolution
		Debug|Windows Phone = Debug|Windows Phone
		Release|Windows Phone = Release|Windows Phone
	EndGlobalSection
	GlobalSection(ProjectConfigurationPlatforms) = postSolution
		{E0891A11-DAD7-4E39-9C0D-B970B9201502}.Debug|Windows Phone.ActiveCfg = Debug|Windows Phone
		{E0891A11-DAD7-4E39-9C0D-B970B9201502}.Debug|Windows Phone.Build.0 = Debug|Windows Phone
		{E0891A11-DAD7-4E39-9C0D-B970B9201502}.Debug|Windows Phone.Deploy.0 = Debug|Windows Phone
		{E0891A11-DAD7-4E39-9C0D-B970B9201502}.Release|Windows Phone.ActiveCfg = Release|Windows Phone
		{E0891A11-DAD7-4E39-9C0D-B970B9201502}.Release|Windows Phone.Build.0 = Release|Windows Phone
		{E0891A11-DAD7-4E39-9C0D-B970B9201502}.Release|Windows Phone.Deploy.0 = Release|Windows Phone
		{1321BA32-8A92-4AD8-B269-7EE5E80A161B}.Debug|Windows Phone.ActiveCfg = Debug|Windows Phone
		{1321BA32-8A92-4AD8-B269-7EE5E80A161B}.Release|Windows Phone.ActiveCfg = Release|Windows Phone
	EndGlobalSection
	GlobalSection(SolutionProperties) = preSolution
		HideSolutionNode = FALSE
	EndGlobalSection
EndGlobal
